
Microsoft Visual Studio Solution File, Format Version 12.00
# Visual Studio Version 16
VisualStudioVersion = 16.0.29709.97
MinimumVisualStudioVersion = 10.0.40219.1
Project("{FAE04EC0-301F-11D3-BF4B-00C04F79EFBC}") = "matrix-sync-csharp", "matrix-sync-csharp.csproj", "{28CF4A48-B5E8-4FDE-B6D5-8C27BDA273E1}"
EndProject
Global
	GlobalSection(SolutionConfigurationPlatforms) = preSolution
		Debug|Any CPU = Debug|Any CPU
		Release|Any CPU = Release|Any CPU
	EndGlobalSection
	GlobalSection(ProjectConfigurationPlatforms) = postSolution
		{28CF4A48-B5E8-4FDE-B6D5-8C27BDA273E1}.Debug|Any CPU.ActiveCfg = Debug|Any CPU
		{28CF4A48-B5E8-4FDE-B6D5-8C27BDA273E1}.Debug|Any CPU.Build.0 = Debug|Any CPU
		{28CF4A48-B5E8-4FDE-B6D5-8C27BDA273E1}.Release|Any CPU.ActiveCfg = Release|Any CPU
		{28CF4A48-B5E8-4FDE-B6D5-8C27BDA273E1}.Release|Any CPU.Build.0 = Release|Any CPU
	EndGlobalSection
	GlobalSection(SolutionProperties) = preSolution
		HideSolutionNode = FALSE
	EndGlobalSection
	GlobalSection(ExtensibilityGlobals) = postSolution
		SolutionGuid = {1A94A532-00AD-4FFC-8341-F8E2EFD88530}
	EndGlobalSection
EndGlobal
